// !$*UTF8*$!
{
	archiveVersion = 1;
	classes = {
	};
	objectVersion = 50;
	objects = {

/* Begin PBXBuildFile section */
		27140B70251EFA3300900DDB /* AppDelegate.swift in Sources */ = {isa = PBXBuildFile; fileRef = 27140B6F251EFA3300900DDB /* AppDelegate.swift */; };
		27140B72251EFA3300900DDB /* SceneDelegate.swift in Sources */ = {isa = PBXBuildFile; fileRef = 27140B71251EFA3300900DDB /* SceneDelegate.swift */; };
		27140B74251EFA3300900DDB /* ViewController.swift in Sources */ = {isa = PBXBuildFile; fileRef = 27140B73251EFA3300900DDB /* ViewController.swift */; };
		27140B77251EFA3300900DDB /* Main.storyboard in Resources */ = {isa = PBXBuildFile; fileRef = 27140B75251EFA3300900DDB /* Main.storyboard */; };
		27140B79251EFA3400900DDB /* Assets.xcassets in Resources */ = {isa = PBXBuildFile; fileRef = 27140B78251EFA3400900DDB /* Assets.xcassets */; };
		27140B7C251EFA3400900DDB /* LaunchScreen.storyboard in Resources */ = {isa = PBXBuildFile; fileRef = 27140B7A251EFA3400900DDB /* LaunchScreen.storyboard */; };
		27140B87251EFA3500900DDB /* flixappTests.swift in Sources */ = {isa = PBXBuildFile; fileRef = 27140B86251EFA3500900DDB /* flixappTests.swift */; };
		27140B92251EFA3500900DDB /* flixappUITests.swift in Sources */ = {isa = PBXBuildFile; fileRef = 27140B91251EFA3500900DDB /* flixappUITests.swift */; };
/* End PBXBuildFile section */

/* Begin PBXContainerItemProxy section */
		27140B83251EFA3500900DDB /* PBXContainerItemProxy */ = {
			isa = PBXContainerItemProxy;
			containerPortal = 27140B64251EFA3300900DDB /* Project object */;
			proxyType = 1;
			remoteGlobalIDString = 27140B6B251EFA3300900DDB;
			remoteInfo = flixapp;
		};
		27140B8E251EFA3500900DDB /* PBXContainerItemProxy */ = {
			isa = PBXContainerItemProxy;
			containerPortal = 27140B64251EFA3300900DDB /* Project object */;
			proxyType = 1;
			remoteGlobalIDString = 27140B6B251EFA3300900DDB;
			remoteInfo = flixapp;
		};
/* End PBXContainerItemProxy section */

/* Begin PBXFileReference section */
		27140B6C251EFA3300900DDB /* flixapp.app */ = {isa = PBXFileReference; explicitFileType = wrapper.application; includeInIndex = 0; path = flixapp.app; sourceTree = BUILT_PRODUCTS_DIR; };
		27140B6F251EFA3300900DDB /* AppDelegate.swift */ = {isa = PBXFileReference; lastKnownFileType = sourcecode.swift; path = AppDelegate.swift; sourceTree = "<group>"; };
		27140B71251EFA3300900DDB /* SceneDelegate.swift */ = {isa = PBXFileReference; lastKnownFileType = sourcecode.swift; path = SceneDelegate.swift; sourceTree = "<group>"; };
		27140B73251EFA3300900DDB /* ViewController.swift */ = {isa = PBXFileReference; lastKnownFileType = sourcecode.swift; path = ViewController.swift; sourceTree = "<group>"; };
		27140B76251EFA3300900DDB /* Base */ = {isa = PBXFileReference; lastKnownFileType = file.storyboard; name = Base; path = Base.lproj/Main.storyboard; sourceTree = "<group>"; };
		27140B78251EFA3400900DDB /* Assets.xcassets */ = {isa = PBXFileReference; lastKnownFileType = folder.assetcatalog; path = Assets.xcassets; sourceTree = "<group>"; };
		27140B7B251EFA3400900DDB /* Base */ = {isa = PBXFileReference; lastKnownFileType = file.storyboard; name = Base; path = Base.lproj/LaunchScreen.storyboard; sourceTree = "<group>"; };
		27140B7D251EFA3400900DDB /* Info.plist */ = {isa = PBXFileReference; lastKnownFileType = text.plist.xml; path = Info.plist; sourceTree = "<group>"; };
		27140B82251EFA3400900DDB /* flixappTests.xctest */ = {isa = PBXFileReference; explicitFileType = wrapper.cfbundle; includeInIndex = 0; path = flixappTests.xctest; sourceTree = BUILT_PRODUCTS_DIR; };
		27140B86251EFA3500900DDB /* flixappTests.swift */ = {isa = PBXFileReference; lastKnownFileType = sourcecode.swift; path = flixappTests.swift; sourceTree = "<group>"; };
		27140B88251EFA3500900DDB /* Info.plist */ = {isa = PBXFileReference; lastKnownFileType = text.plist.xml; path = Info.plist; sourceTree = "<group>"; };
		27140B8D251EFA3500900DDB /* flixappUITests.xctest */ = {isa = PBXFileReference; explicitFileType = wrapper.cfbundle; includeInIndex = 0; path = flixappUITests.xctest; sourceTree = BUILT_PRODUCTS_DIR; };
		27140B91251EFA3500900DDB /* flixappUITests.swift */ = {isa = PBXFileReference; lastKnownFileType = sourcecode.swift; path = flixappUITests.swift; sourceTree = "<group>"; };
		27140B93251EFA3500900DDB /* Info.plist */ = {isa = PBXFileReference; lastKnownFileType = text.plist.xml; path = Info.plist; sourceTree = "<group>"; };
/* End PBXFileReference section */

/* Begin PBXFrameworksBuildPhase section */
		27140B69251EFA3300900DDB /* Frameworks */ = {
			isa = PBXFrameworksBuildPhase;
			buildActionMask = 2147483647;
			files = (
			);
			runOnlyForDeploymentPostprocessing = 0;
		};
		27140B7F251EFA3400900DDB /* Frameworks */ = {
			isa = PBXFrameworksBuildPhase;
			buildActionMask = 2147483647;
			files = (
			);
			runOnlyForDeploymentPostprocessing = 0;
		};
		27140B8A251EFA3500900DDB /* Frameworks */ = {
			isa = PBXFrameworksBuildPhase;
			buildActionMask = 2147483647;
			files = (
			);
			runOnlyForDeploymentPostprocessing = 0;
		};
/* End PBXFrameworksBuildPhase section */

/* Begin PBXGroup section */
		27140B63251EFA3300900DDB = {
			isa = PBXGroup;
			children = (
				27140B6E251EFA3300900DDB /* flixapp */,
				27140B85251EFA3500900DDB /* flixappTests */,
				27140B90251EFA3500900DDB /* flixappUITests */,
				27140B6D251EFA3300900DDB /* Products */,
			);
			sourceTree = "<group>";
		};
		27140B6D251EFA3300900DDB /* Products */ = {
			isa = PBXGroup;
			children = (
				27140B6C251EFA3300900DDB /* flixapp.app */,
				27140B82251EFA3400900DDB /* flixappTests.xctest */,
				27140B8D251EFA3500900DDB /* flixappUITests.xctest */,
			);
			name = Products;
			sourceTree = "<group>";
		};
		27140B6E251EFA3300900DDB /* flixapp */ = {
			isa = PBXGroup;
			children = (
				27140B6F251EFA3300900DDB /* AppDelegate.swift */,
				27140B71251EFA3300900DDB /* SceneDelegate.swift */,
				27140B73251EFA3300900DDB /* ViewController.swift */,
				27140B75251EFA3300900DDB /* Main.storyboard */,
				27140B78251EFA3400900DDB /* Assets.xcassets */,
				27140B7A251EFA3400900DDB /* LaunchScreen.storyboard */,
				27140B7D251EFA3400900DDB /* Info.plist */,
			);
			path = flixapp;
			sourceTree = "<group>";
		};
		27140B85251EFA3500900DDB /* flixappTests */ = {
			isa = PBXGroup;
			children = (
				27140B86251EFA3500900DDB /* flixappTests.swift */,
				27140B88251EFA3500900DDB /* Info.plist */,
			);
			path = flixappTests;
			sourceTree = "<group>";
		};
		27140B90251EFA3500900DDB /* flixappUITests */ = {
			isa = PBXGroup;
			children = (
				27140B91251EFA3500900DDB /* flixappUITests.swift */,
				27140B93251EFA3500900DDB /* Info.plist */,
			);
			path = flixappUITests;
			sourceTree = "<group>";
		};
/* End PBXGroup section */

/* Begin PBXNativeTarget section */
		27140B6B251EFA3300900DDB /* flixapp */ = {
			isa = PBXNativeTarget;
			buildConfigurationList = 27140B96251EFA3500900DDB /* Build configuration list for PBXNativeTarget "flixapp" */;
			buildPhases = (
				27140B68251EFA3300900DDB /* Sources */,
				27140B69251EFA3300900DDB /* Frameworks */,
				27140B6A251EFA3300900DDB /* Resources */,
			);
			buildRules = (
			);
			dependencies = (
			);
			name = flixapp;
			productName = flixapp;
			productReference = 27140B6C251EFA3300900DDB /* flixapp.app */;
			productType = "com.apple.product-type.application";
		};
		27140B81251EFA3400900DDB /* flixappTests */ = {
			isa = PBXNativeTarget;
			buildConfigurationList = 27140B99251EFA3500900DDB /* Build configuration list for PBXNativeTarget "flixappTests" */;
			buildPhases = (
				27140B7E251EFA3400900DDB /* Sources */,
				27140B7F251EFA3400900DDB /* Frameworks */,
				27140B80251EFA3400900DDB /* Resources */,
			);
			buildRules = (
			);
			dependencies = (
				27140B84251EFA3500900DDB /* PBXTargetDependency */,
			);
			name = flixappTests;
			productName = flixappTests;
			productReference = 27140B82251EFA3400900DDB /* flixappTests.xctest */;
			productType = "com.apple.product-type.bundle.unit-test";
		};
		27140B8C251EFA3500900DDB /* flixappUITests */ = {
			isa = PBXNativeTarget;
			buildConfigurationList = 27140B9C251EFA3500900DDB /* Build configuration list for PBXNativeTarget "flixappUITests" */;
			buildPhases = (
				27140B89251EFA3500900DDB /* Sources */,
				27140B8A251EFA3500900DDB /* Frameworks */,
				27140B8B251EFA3500900DDB /* Resources */,
			);
			buildRules = (
			);
			dependencies = (
				27140B8F251EFA3500900DDB /* PBXTargetDependency */,
			);
			name = flixappUITests;
			productName = flixappUITests;
			productReference = 27140B8D251EFA3500900DDB /* flixappUITests.xctest */;
			productType = "com.apple.product-type.bundle.ui-testing";
		};
/* End PBXNativeTarget section */

/* Begin PBXProject section */
		27140B64251EFA3300900DDB /* Project object */ = {
			isa = PBXProject;
			attributes = {
				LastSwiftUpdateCheck = 1200;
				LastUpgradeCheck = 1200;
				TargetAttributes = {
					27140B6B251EFA3300900DDB = {
						CreatedOnToolsVersion = 12.0.1;
					};
					27140B81251EFA3400900DDB = {
						CreatedOnToolsVersion = 12.0.1;
						TestTargetID = 27140B6B251EFA3300900DDB;
					};
					27140B8C251EFA3500900DDB = {
						CreatedOnToolsVersion = 12.0.1;
						TestTargetID = 27140B6B251EFA3300900DDB;
					};
				};
			};
			buildConfigurationList = 27140B67251EFA3300900DDB /* Build configuration list for PBXProject "flixapp" */;
			compatibilityVersion = "Xcode 9.3";
			developmentRegion = en;
			hasScannedForEncodings = 0;
			knownRegions = (
				en,
				Base,
			);
			mainGroup = 27140B63251EFA3300900DDB;
			productRefGroup = 27140B6D251EFA3300900DDB /* Products */;
			projectDirPath = "";
			projectRoot = "";
			targets = (
				27140B6B251EFA3300900DDB /* flixapp */,
				27140B81251EFA3400900DDB /* flixappTests */,
				27140B8C251EFA3500900DDB /* flixappUITests */,
			);
		};
/* End PBXProject section */

/* Begin PBXResourcesBuildPhase section */
		27140B6A251EFA3300900DDB /* Resources */ = {
			isa = PBXResourcesBuildPhase;
			buildActionMask = 2147483647;
			files = (
				27140B7C251EFA3400900DDB /* LaunchScreen.storyboard in Resources */,
				27140B79251EFA3400900DDB /* Assets.xcassets in Resources */,
				27140B77251EFA3300900DDB /* Main.storyboard in Resources */,
			);
			runOnlyForDeploymentPostprocessing = 0;
		};
		27140B80251EFA3400900DDB /* Resources */ = {
			isa = PBXResourcesBuildPhase;
			buildActionMask = 2147483647;
			files = (
			);
			runOnlyForDeploymentPostprocessing = 0;
		};
		27140B8B251EFA3500900DDB /* Resources */ = {
			isa = PBXResourcesBuildPhase;
			buildActionMask = 2147483647;
			files = (
			);
			runOnlyForDeploymentPostprocessing = 0;
		};
/* End PBXResourcesBuildPhase section */

/* Begin PBXSourcesBuildPhase section */
		27140B68251EFA3300900DDB /* Sources */ = {
			isa = PBXSourcesBuildPhase;
			buildActionMask = 2147483647;
			files = (
				27140B74251EFA3300900DDB /* ViewController.swift in Sources */,
				27140B70251EFA3300900DDB /* AppDelegate.swift in Sources */,
				27140B72251EFA3300900DDB /* SceneDelegate.swift in Sources */,
			);
			runOnlyForDeploymentPostprocessing = 0;
		};
		27140B7E251EFA3400900DDB /* Sources */ = {
			isa = PBXSourcesBuildPhase;
			buildActionMask = 2147483647;
			files = (
				27140B87251EFA3500900DDB /* flixappTests.swift in Sources */,
			);
			runOnlyForDeploymentPostprocessing = 0;
		};
		27140B89251EFA3500900DDB /* Sources */ = {
			isa = PBXSourcesBuildPhase;
			buildActionMask = 2147483647;
			files = (
				27140B92251EFA3500900DDB /* flixappUITests.swift in Sources */,
			);
			runOnlyForDeploymentPostprocessing = 0;
		};
/* End PBXSourcesBuildPhase section */

/* Begin PBXTargetDependency section */
		27140B84251EFA3500900DDB /* PBXTargetDependency */ = {
			isa = PBXTargetDependency;
			target = 27140B6B251EFA3300900DDB /* flixapp */;
			targetProxy = 27140B83251EFA3500900DDB /* PBXContainerItemProxy */;
		};
		27140B8F251EFA3500900DDB /* PBXTargetDependency */ = {
			isa = PBXTargetDependency;
			target = 27140B6B251EFA3300900DDB /* flixapp */;
			targetProxy = 27140B8E251EFA3500900DDB /* PBXContainerItemProxy */;
		};
/* End PBXTargetDependency section */

/* Begin PBXVariantGroup section */
		27140B75251EFA3300900DDB /* Main.storyboard */ = {
			isa = PBXVariantGroup;
			children = (
				27140B76251EFA3300900DDB /* Base */,
			);
			name = Main.storyboard;
			sourceTree = "<group>";
		};
		27140B7A251EFA3400900DDB /* LaunchScreen.storyboard */ = {
			isa = PBXVariantGroup;
			children = (
				27140B7B251EFA3400900DDB /* Base */,
			);
			name = LaunchScreen.storyboard;
			sourceTree = "<group>";
		};
/* End PBXVariantGroup section */

/* Begin XCBuildConfiguration section */
		27140B94251EFA3500900DDB /* Debug */ = {
			isa = XCBuildConfiguration;
			buildSettings = {
				ALWAYS_SEARCH_USER_PATHS = NO;
				CLANG_ANALYZER_NONNULL = YES;
				CLANG_ANALYZER_NUMBER_OBJECT_CONVERSION = YES_AGGRESSIVE;
				CLANG_CXX_LANGUAGE_STANDARD = "gnu++14";
				CLANG_CXX_LIBRARY = "libc++";
				CLANG_ENABLE_MODULES = YES;
				CLANG_ENABLE_OBJC_ARC = YES;
				CLANG_ENABLE_OBJC_WEAK = YES;
				CLANG_WARN_BLOCK_CAPTURE_AUTORELEASING = YES;
				CLANG_WARN_BOOL_CONVERSION = YES;
				CLANG_WARN_COMMA = YES;
				CLANG_WARN_CONSTANT_CONVERSION = YES;
				CLANG_WARN_DEPRECATED_OBJC_IMPLEMENTATIONS = YES;
				CLANG_WARN_DIRECT_OBJC_ISA_USAGE = YES_ERROR;
				CLANG_WARN_DOCUMENTATION_COMMENTS = YES;
				CLANG_WARN_EMPTY_BODY = YES;
				CLANG_WARN_ENUM_CONVERSION = YES;
				CLANG_WARN_INFINITE_RECURSION = YES;
				CLANG_WARN_INT_CONVERSION = YES;
				CLANG_WARN_NON_LITERAL_NULL_CONVERSION = YES;
				CLANG_WARN_OBJC_IMPLICIT_RETAIN_SELF = YES;
				CLANG_WARN_OBJC_LITERAL_CONVERSION = YES;
				CLANG_WARN_OBJC_ROOT_CLASS = YES_ERROR;
				CLANG_WARN_QUOTED_INCLUDE_IN_FRAMEWORK_HEADER = YES;
				CLANG_WARN_RANGE_LOOP_ANALYSIS = YES;
				CLANG_WARN_STRICT_PROTOTYPES = YES;
				CLANG_WARN_SUSPICIOUS_MOVE = YES;
				CLANG_WARN_UNGUARDED_AVAILABILITY = YES_AGGRESSIVE;
				CLANG_WARN_UNREACHABLE_CODE = YES;
				CLANG_WARN__DUPLICATE_METHOD_MATCH = YES;
				COPY_PHASE_STRIP = NO;
				DEBUG_INFORMATION_FORMAT = dwarf;
				ENABLE_STRICT_OBJC_MSGSEND = YES;
				ENABLE_TESTABILITY = YES;
				GCC_C_LANGUAGE_STANDARD = gnu11;
				GCC_DYNAMIC_NO_PIC = NO;
				GCC_NO_COMMON_BLOCKS = YES;
				GCC_OPTIMIZATION_LEVEL = 0;
				GCC_PREPROCESSOR_DEFINITIONS = (
					"DEBUG=1",
					"$(inherited)",
				);
				GCC_WARN_64_TO_32_BIT_CONVERSION = YES;
				GCC_WARN_ABOUT_RETURN_TYPE = YES_ERROR;
				GCC_WARN_UNDECLARED_SELECTOR = YES;
				GCC_WARN_UNINITIALIZED_AUTOS = YES_AGGRESSIVE;
				GCC_WARN_UNUSED_FUNCTION = YES;
				GCC_WARN_UNUSED_VARIABLE = YES;
				IPHONEOS_DEPLOYMENT_TARGET = 14.0;
				MTL_ENABLE_DEBUG_INFO = INCLUDE_SOURCE;
				MTL_FAST_MATH = YES;
				ONLY_ACTIVE_ARCH = YES;
				SDKROOT = iphoneos;
				SWIFT_ACTIVE_COMPILATION_CONDITIONS = DEBUG;
				SWIFT_OPTIMIZATION_LEVEL = "-Onone";
			};
			name = Debug;
		};
		27140B95251EFA3500900DDB /* Release */ = {
			isa = XCBuildConfiguration;
			buildSettings = {
				ALWAYS_SEARCH_USER_PATHS = NO;
				CLANG_ANALYZER_NONNULL = YES;
				CLANG_ANALYZER_NUMBER_OBJECT_CONVERSION = YES_AGGRESSIVE;
				CLANG_CXX_LANGUAGE_STANDARD = "gnu++14";
				CLANG_CXX_LIBRARY = "libc++";
				CLANG_ENABLE_MODULES = YES;
				CLANG_ENABLE_OBJC_ARC = YES;
				CLANG_ENABLE_OBJC_WEAK = YES;
				CLANG_WARN_BLOCK_CAPTURE_AUTORELEASING = YES;
				CLANG_WARN_BOOL_CONVERSION = YES;
				CLANG_WARN_COMMA = YES;
				CLANG_WARN_CONSTANT_CONVERSION = YES;
				CLANG_WARN_DEPRECATED_OBJC_IMPLEMENTATIONS = YES;
				CLANG_WARN_DIRECT_OBJC_ISA_USAGE = YES_ERROR;
				CLANG_WARN_DOCUMENTATION_COMMENTS = YES;
				CLANG_WARN_EMPTY_BODY = YES;
				CLANG_WARN_ENUM_CONVERSION = YES;
				CLANG_WARN_INFINITE_RECURSION = YES;
				CLANG_WARN_INT_CONVERSION = YES;
				CLANG_WARN_NON_LITERAL_NULL_CONVERSION = YES;
				CLANG_WARN_OBJC_IMPLICIT_RETAIN_SELF = YES;
				CLANG_WARN_OBJC_LITERAL_CONVERSION = YES;
				CLANG_WARN_OBJC_ROOT_CLASS = YES_ERROR;
				CLANG_WARN_QUOTED_INCLUDE_IN_FRAMEWORK_HEADER = YES;
				CLANG_WARN_RANGE_LOOP_ANALYSIS = YES;
				CLANG_WARN_STRICT_PROTOTYPES = YES;
				CLANG_WARN_SUSPICIOUS_MOVE = YES;
				CLANG_WARN_UNGUARDED_AVAILABILITY = YES_AGGRESSIVE;
				CLANG_WARN_UNREACHABLE_CODE = YES;
				CLANG_WARN__DUPLICATE_METHOD_MATCH = YES;
				COPY_PHASE_STRIP = NO;
				DEBUG_INFORMATION_FORMAT = "dwarf-with-dsym";
				ENABLE_NS_ASSERTIONS = NO;
				ENABLE_STRICT_OBJC_MSGSEND = YES;
				GCC_C_LANGUAGE_STANDARD = gnu11;
				GCC_NO_COMMON_BLOCKS = YES;
				GCC_WARN_64_TO_32_BIT_CONVERSION = YES;
				GCC_WARN_ABOUT_RETURN_TYPE = YES_ERROR;
				GCC_WARN_UNDECLARED_SELECTOR = YES;
				GCC_WARN_UNINITIALIZED_AUTOS = YES_AGGRESSIVE;
				GCC_WARN_UNUSED_FUNCTION = YES;
				GCC_WARN_UNUSED_VARIABLE = YES;
				IPHONEOS_DEPLOYMENT_TARGET = 14.0;
				MTL_ENABLE_DEBUG_INFO = NO;
				MTL_FAST_MATH = YES;
				SDKROOT = iphoneos;
				SWIFT_COMPILATION_MODE = wholemodule;
				SWIFT_OPTIMIZATION_LEVEL = "-O";
				VALIDATE_PRODUCT = YES;
			};
			name = Release;
		};
		27140B97251EFA3500900DDB /* Debug */ = {
			isa = XCBuildConfiguration;
			buildSettings = {
				ASSETCATALOG_COMPILER_APPICON_NAME = AppIcon;
				ASSETCATALOG_COMPILER_GLOBAL_ACCENT_COLOR_NAME = AccentColor;
				CODE_SIGN_STYLE = Automatic;
				DEVELOPMENT_TEAM = 6HT27K2LRY;
				INFOPLIST_FILE = flixapp/Info.plist;
				LD_RUNPATH_SEARCH_PATHS = (
					"$(inherited)",
					"@executable_path/Frameworks",
				);
				PRODUCT_BUNDLE_IDENTIFIER = "peggieliang-icloud.com.flixapp";
				PRODUCT_NAME = "$(TARGET_NAME)";
				SWIFT_VERSION = 5.0;
				TARGETED_DEVICE_FAMILY = "1,2";
			};
			name = Debug;
		};
		27140B98251EFA3500900DDB /* Release */ = {
			isa = XCBuildConfiguration;
			buildSettings = {
				ASSETCATALOG_COMPILER_APPICON_NAME = AppIcon;
				ASSETCATALOG_COMPILER_GLOBAL_ACCENT_COLOR_NAME = AccentColor;
				CODE_SIGN_STYLE = Automatic;
				DEVELOPMENT_TEAM = 6HT27K2LRY;
				INFOPLIST_FILE = flixapp/Info.plist;
				LD_RUNPATH_SEARCH_PATHS = (
					"$(inherited)",
					"@executable_path/Frameworks",
				);
				PRODUCT_BUNDLE_IDENTIFIER = "peggieliang-icloud.com.flixapp";
				PRODUCT_NAME = "$(TARGET_NAME)";
				SWIFT_VERSION = 5.0;
				TARGETED_DEVICE_FAMILY = "1,2";
			};
			name = Release;
		};
		27140B9A251EFA3500900DDB /* Debug */ = {
			isa = XCBuildConfiguration;
			buildSettings = {
				ALWAYS_EMBED_SWIFT_STANDARD_LIBRARIES = YES;
				BUNDLE_LOADER = "$(TEST_HOST)";
				CODE_SIGN_STYLE = Automatic;
				DEVELOPMENT_TEAM = 6HT27K2LRY;
				INFOPLIST_FILE = flixappTests/Info.plist;
				IPHONEOS_DEPLOYMENT_TARGET = 14.0;
				LD_RUNPATH_SEARCH_PATHS = (
					"$(inherited)",
					"@executable_path/Frameworks",
					"@loader_path/Frameworks",
				);
				PRODUCT_BUNDLE_IDENTIFIER = "peggieliang-icloud.com.flixappTests";
				PRODUCT_NAME = "$(TARGET_NAME)";
				SWIFT_VERSION = 5.0;
				TARGETED_DEVICE_FAMILY = "1,2";
				TEST_HOST = "$(BUILT_PRODUCTS_DIR)/flixapp.app/flixapp";
			};
			name = Debug;
		};
		27140B9B251EFA3500900DDB /* Release */ = {
			isa = XCBuildConfiguration;
			buildSettings = {
				ALWAYS_EMBED_SWIFT_STANDARD_LIBRARIES = YES;
				BUNDLE_LOADER = "$(TEST_HOST)";
				CODE_SIGN_STYLE = Automatic;
				DEVELOPMENT_TEAM = 6HT27K2LRY;
				INFOPLIST_FILE = flixappTests/Info.plist;
				IPHONEOS_DEPLOYMENT_TARGET = 14.0;
				LD_RUNPATH_SEARCH_PATHS = (
					"$(inherited)",
					"@executable_path/Frameworks",
					"@loader_path/Frameworks",
				);
				PRODUCT_BUNDLE_IDENTIFIER = "peggieliang-icloud.com.flixappTests";
				PRODUCT_NAME = "$(TARGET_NAME)";
				SWIFT_VERSION = 5.0;
				TARGETED_DEVICE_FAMILY = "1,2";
				TEST_HOST = "$(BUILT_PRODUCTS_DIR)/flixapp.app/flixapp";
			};
			name = Release;
		};
		27140B9D251EFA3500900DDB /* Debug */ = {
			isa = XCBuildConfiguration;
			buildSettings = {
				ALWAYS_EMBED_SWIFT_STANDARD_LIBRARIES = YES;
				CODE_SIGN_STYLE = Automatic;
				DEVELOPMENT_TEAM = 6HT27K2LRY;
				INFOPLIST_FILE = flixappUITests/Info.plist;
				LD_RUNPATH_SEARCH_PATHS = (
					"$(inherited)",
					"@executable_path/Frameworks",
					"@loader_path/Frameworks",
				);
				PRODUCT_BUNDLE_IDENTIFIER = "peggieliang-icloud.com.flixappUITests";
				PRODUCT_NAME = "$(TARGET_NAME)";
				SWIFT_VERSION = 5.0;
				TARGETED_DEVICE_FAMILY = "1,2";
				TEST_TARGET_NAME = flixapp;
			};
			name = Debug;
		};
		27140B9E251EFA3500900DDB /* Release */ = {
			isa = XCBuildConfiguration;
			buildSettings = {
				ALWAYS_EMBED_SWIFT_STANDARD_LIBRARIES = YES;
				CODE_SIGN_STYLE = Automatic;
				DEVELOPMENT_TEAM = 6HT27K2LRY;
				INFOPLIST_FILE = flixappUITests/Info.plist;
				LD_RUNPATH_SEARCH_PATHS = (
					"$(inherited)",
					"@executable_path/Frameworks",
					"@loader_path/Frameworks",
				);
				PRODUCT_BUNDLE_IDENTIFIER = "peggieliang-icloud.com.flixappUITests";
				PRODUCT_NAME = "$(TARGET_NAME)";
				SWIFT_VERSION = 5.0;
				TARGETED_DEVICE_FAMILY = "1,2";
				TEST_TARGET_NAME = flixapp;
			};
			name = Release;
		};
/* End XCBuildConfiguration section */

/* Begin XCConfigurationList section */
		27140B67251EFA3300900DDB /* Build configuration list for PBXProject "flixapp" */ = {
			isa = XCConfigurationList;
			buildConfigurations = (
				27140B94251EFA3500900DDB /* Debug */,
				27140B95251EFA3500900DDB /* Release */,
			);
			defaultConfigurationIsVisible = 0;
			defaultConfigurationName = Release;
		};
		27140B96251EFA3500900DDB /* Build configuration list for PBXNativeTarget "flixapp" */ = {
			isa = XCConfigurationList;
			buildConfigurations = (
				27140B97251EFA3500900DDB /* Debug */,
				27140B98251EFA3500900DDB /* Release */,
			);
			defaultConfigurationIsVisible = 0;
			defaultConfigurationName = Release;
		};
		27140B99251EFA3500900DDB /* Build configuration list for PBXNativeTarget "flixappTests" */ = {
			isa = XCConfigurationList;
			buildConfigurations = (
				27140B9A251EFA3500900DDB /* Debug */,
				27140B9B251EFA3500900DDB /* Release */,
			);
			defaultConfigurationIsVisible = 0;
			defaultConfigurationName = Release;
		};
		27140B9C251EFA3500900DDB /* Build configuration list for PBXNativeTarget "flixappUITests" */ = {
			isa = XCConfigurationList;
			buildConfigurations = (
				27140B9D251EFA3500900DDB /* Debug */,
				27140B9E251EFA3500900DDB /* Release */,
			);
			defaultConfigurationIsVisible = 0;
			defaultConfigurationName = Release;
		};
/* End XCConfigurationList section */
	};
	rootObject = 27140B64251EFA3300900DDB /* Project object */;
}
